// !$*UTF8*$!
{
	archiveVersion = 1;
	classes = {
	};
	objectVersion = 46;
	objects = {

/* Begin PBXFileReference section */
		349E6B2A17DE7BE700944AF8 /* src */ = {isa = PBXFileReference; lastKnownFileType = folder; path = src; sourceTree = "<group>"; };
/* End PBXFileReference section */

/* Begin PBXGroup section */
		349E6B1317DE7BE700944AF8 = {
			isa = PBXGroup;
			children = (
				349E6B2A17DE7BE700944AF8 /* src */,
			);
			sourceTree = "<group>";
		};
/* End PBXGroup section */

/* Begin PBXLegacyTarget section */
		349E6B1817DE7BE700944AF8 /* Firmware */ = {
			isa = PBXLegacyTarget;
			buildArgumentsString = "$(ACTION)";
			buildConfigurationList = 349E6B2C17DE7BE700944AF8 /* Build configuration list for PBXLegacyTarget "Firmware" */;
			buildPhases = (
			);
			buildToolPath = /usr/bin/make;
			buildWorkingDirectory = /Users/tobin1/Documents/Synced/Vantage/Software/px4/Code/new_fork/Firmware;
			dependencies = (
			);
			name = Firmware;
			passBuildSettingsInEnvironment = 1;
			productName = Firmware;
		};
/* End PBXLegacyTarget section */

/* Begin PBXProject section */
		349E6B1417DE7BE700944AF8 /* Project object */ = {
			isa = PBXProject;
			attributes = {
			};
			buildConfigurationList = 349E6B1717DE7BE700944AF8 /* Build configuration list for PBXProject "Firmware" */;
			compatibilityVersion = "Xcode 3.2";
			developmentRegion = English;
			hasScannedForEncodings = 0;
			knownRegions = (
				en,
			);
			mainGroup = 349E6B1317DE7BE700944AF8;
			projectDirPath = "";
			projectRoot = "";
			targets = (
				349E6B1817DE7BE700944AF8 /* Firmware */,
			);
		};
/* End PBXProject section */

/* Begin XCBuildConfiguration section */
		349E6B1517DE7BE700944AF8 /* Debug */ = {
			isa = XCBuildConfiguration;
			buildSettings = {
				ARCHS = "$(ARCHS_STANDARD_32_BIT)";
				COPY_PHASE_STRIP = NO;
				GCC_WARN_ABOUT_RETURN_TYPE = YES;
				GCC_WARN_UNUSED_VARIABLE = YES;
				ONLY_ACTIVE_ARCH = YES;
				SDKROOT = macosx10.6;
			};
			name = Debug;
		};
		349E6B1617DE7BE700944AF8 /* Release */ = {
			isa = XCBuildConfiguration;
			buildSettings = {
				ARCHS = "$(ARCHS_STANDARD_32_BIT)";
				COPY_PHASE_STRIP = YES;
				GCC_WARN_ABOUT_RETURN_TYPE = YES;
				GCC_WARN_UNUSED_VARIABLE = YES;
				SDKROOT = macosx10.6;
			};
			name = Release;
		};
		349E6B2D17DE7BE700944AF8 /* Debug */ = {
			isa = XCBuildConfiguration;
			buildSettings = {
				COPY_PHASE_STRIP = NO;
				DEBUGGING_SYMBOLS = YES;
				GCC_DYNAMIC_NO_PIC = NO;
				GCC_ENABLE_FIX_AND_CONTINUE = YES;
				GCC_GENERATE_DEBUGGING_SYMBOLS = YES;
				GCC_OPTIMIZATION_LEVEL = 0;
				OTHER_CFLAGS = "";
				OTHER_LDFLAGS = "";
				PRODUCT_NAME = Firmware;
			};
			name = Debug;
		};
		349E6B2E17DE7BE700944AF8 /* Release */ = {
			isa = XCBuildConfiguration;
			buildSettings = {
				COPY_PHASE_STRIP = YES;
				DEBUG_INFORMATION_FORMAT = "dwarf-with-dsym";
				GCC_ENABLE_FIX_AND_CONTINUE = NO;
				OTHER_CFLAGS = "";
				OTHER_LDFLAGS = "";
				PRODUCT_NAME = Firmware;
			};
			name = Release;
		};
/* End XCBuildConfiguration section */

/* Begin XCConfigurationList section */
		349E6B1717DE7BE700944AF8 /* Build configuration list for PBXProject "Firmware" */ = {
			isa = XCConfigurationList;
			buildConfigurations = (
				349E6B1517DE7BE700944AF8 /* Debug */,
				349E6B1617DE7BE700944AF8 /* Release */,
			);
			defaultConfigurationIsVisible = 0;
			defaultConfigurationName = Release;
		};
		349E6B2C17DE7BE700944AF8 /* Build configuration list for PBXLegacyTarget "Firmware" */ = {
			isa = XCConfigurationList;
			buildConfigurations = (
				349E6B2D17DE7BE700944AF8 /* Debug */,
				349E6B2E17DE7BE700944AF8 /* Release */,
			);
			defaultConfigurationIsVisible = 0;
			defaultConfigurationName = Release;
		};
/* End XCConfigurationList section */
	};
	rootObject = 349E6B1417DE7BE700944AF8 /* Project object */;
}
